{
  "name": "uni-app",
  "version": "1.0.0",
  "lockfileVersion": 1,
  "requires": true,
  "dependencies": {
    "@dcloudio/uni-helper-json": {
      "version": "1.0.13",
      "resolved": "https://registry.npmmirror.com/@dcloudio/uni-helper-json/-/uni-helper-json-1.0.13.tgz",
      "integrity": "sha512-FO9Iu4zW4td3Tr+eiCDWuele2ehkJ4qxQ/UhpAMLjso+ZdWz6NagK5Syh6cdy1hoDqbxpNoqnLynuJXe81Ereg=="
    },
    "@types/html5plus": {
      "version": "1.0.2",
      "resolved": "https://registry.npmmirror.com/@types/html5plus/-/html5plus-1.0.2.tgz",
      "integrity": "sha512-OklP5lrmLq8/6TUOLgWc0LndUVvAiTWX5dnyoCFhIUtFW9opWsnCtG/UxPgeuC28Rv2XNbFfft/hEEI39P/4Ag==",
      "dev": true
    },
    "@types/uni-app": {
      "version": "1.4.4",
      "resolved": "https://registry.npmmirror.com/@types/uni-app/-/uni-app-1.4.4.tgz",
      "integrity": "sha512-ZTXnrCTblZyoLIoKbTv1Whz1nxrTcM7vg0qGXzDpXP8m9MqdjKt48N3FffQT1IsJWNkxbvJ1Eg5UHDaq+k+oBQ==",
      "dev": true,
      "requires": {
        "vue": "^2.6.8"
      },
      "dependencies": {
        "vue": {
          "version": "2.6.14",
          "resolved": "https://registry.npmjs.org/vue/-/vue-2.6.14.tgz",
          "integrity": "sha512-x2284lgYvjOMj3Za7kqzRcUSxBboHqtgRE2zlos1qWaOye5yUmHn42LB1250NJBLRwEcdrB0JRwyPTEPhfQjiQ==",
          "dev": true
        }
      }
    },
    "moment": {
      "version": "2.29.4",
      "resolved": "https://registry.npmmirror.com/moment/-/moment-2.29.4.tgz",
      "integrity": "sha512-5LC9SOxjSc2HF6vO2CyuTDNivEdoz2IvyJJGj6X8DJ0eFyfszE0QiEd+iXmBvUP3WHxSjFH/vIsA0EN00cgr8w=="
    }
  }
}
